PODS:
  - NetworkModule (0.3.0)

DEPENDENCIES:
  - NetworkModule (~> 0.3.0)

SPEC REPOS:
  https://github.com/rahulsingh1101/private-cocoapods-specs.git:
    - NetworkModule

SPEC CHECKSUMS:
  NetworkModule: 37874de2a3b2a6407d4e3050e6589dd1eef7fe8e

PODFILE CHECKSUM: 115c1e35e79ca9116f3827e6d7cacb8be9981843

COCOAPODS: 1.16.2
