// !$*UTF8*$!
{
	archiveVersion = 1;
	classes = {
	};
	objectVersion = 77;
	objects = {

/* Begin PBXBuildFile section */
		0DAD173C63CF3E3412D80401 /* Pods_Delete_post_use.framework in Frameworks */ = {isa = PBXBuildFile; fileRef = AE6513DBBCE36CB6270B711D /* Pods_Delete_post_use.framework */; };
		467991E9E92AE2D7ED2A1DE0 /* Pods_Delete_post_use_Delete_post_useUITests.framework in Frameworks */ = {isa = PBXBuildFile; fileRef = F06B4810AF3CD8C5B1F813CD /* Pods_Delete_post_use_Delete_post_useUITests.framework */; };
		7435384F2B92B2AE83813ED1 /* Pods_Delete_post_useTests.framework in Frameworks */ = {isa = PBXBuildFile; fileRef = 5FDFE1B6373934DEDB632A86 /* Pods_Delete_post_useTests.framework */; };
/* End PBXBuildFile section */

/* Begin PBXContainerItemProxy section */
		1F39DA732DEAEC63003309BF /* PBXContainerItemProxy */ = {
			isa = PBXContainerItemProxy;
			containerPortal = 1F39DA512DEAEC61003309BF /* Project object */;
			proxyType = 1;
			remoteGlobalIDString = 1F39DA582DEAEC61003309BF;
			remoteInfo = "Delete-post-use";
		};
		1F39DA7D2DEAEC63003309BF /* PBXContainerItemProxy */ = {
			isa = PBXContainerItemProxy;
			containerPortal = 1F39DA512DEAEC61003309BF /* Project object */;
			proxyType = 1;
			remoteGlobalIDString = 1F39DA582DEAEC61003309BF;
			remoteInfo = "Delete-post-use";
		};
/* End PBXContainerItemProxy section */

/* Begin PBXFileReference section */
		0136CB7AFEE880CFBB1C1401 /* Pods-Delete-post-useTests.release.xcconfig */ = {isa = PBXFileReference; includeInIndex = 1; lastKnownFileType = text.xcconfig; name = "Pods-Delete-post-useTests.release.xcconfig"; path = "Target Support Files/Pods-Delete-post-useTests/Pods-Delete-post-useTests.release.xcconfig"; sourceTree = "<group>"; };
		179A9D59419AB24731E92F40 /* Pods-Delete-post-useTests.debug.xcconfig */ = {isa = PBXFileReference; includeInIndex = 1; lastKnownFileType = text.xcconfig; name = "Pods-Delete-post-useTests.debug.xcconfig"; path = "Target Support Files/Pods-Delete-post-useTests/Pods-Delete-post-useTests.debug.xcconfig"; sourceTree = "<group>"; };
		1F39DA592DEAEC61003309BF /* Delete-post-use.app */ = {isa = PBXFileReference; explicitFileType = wrapper.application; includeInIndex = 0; path = "Delete-post-use.app"; sourceTree = BUILT_PRODUCTS_DIR; };
		1F39DA722DEAEC63003309BF /* Delete-post-useTests.xctest */ = {isa = PBXFileReference; explicitFileType = wrapper.cfbundle; includeInIndex = 0; path = "Delete-post-useTests.xctest"; sourceTree = BUILT_PRODUCTS_DIR; };
		1F39DA7C2DEAEC63003309BF /* Delete-post-useUITests.xctest */ = {isa = PBXFileReference; explicitFileType = wrapper.cfbundle; includeInIndex = 0; path = "Delete-post-useUITests.xctest"; sourceTree = BUILT_PRODUCTS_DIR; };
		5FDFE1B6373934DEDB632A86 /* Pods_Delete_post_useTests.framework */ = {isa = PBXFileReference; explicitFileType = wrapper.framework; includeInIndex = 0; path = Pods_Delete_post_useTests.framework; sourceTree = BUILT_PRODUCTS_DIR; };
		62C9BCAFB2E22B5D40BE1BEE /* Pods-Delete-post-use-Delete-post-useUITests.release.xcconfig */ = {isa = PBXFileReference; includeInIndex = 1; lastKnownFileType = text.xcconfig; name = "Pods-Delete-post-use-Delete-post-useUITests.release.xcconfig"; path = "Target Support Files/Pods-Delete-post-use-Delete-post-useUITests/Pods-Delete-post-use-Delete-post-useUITests.release.xcconfig"; sourceTree = "<group>"; };
		77EC37C9CE194598894E7EDD /* Pods-Delete-post-use-Delete-post-useUITests.debug.xcconfig */ = {isa = PBXFileReference; includeInIndex = 1; lastKnownFileType = text.xcconfig; name = "Pods-Delete-post-use-Delete-post-useUITests.debug.xcconfig"; path = "Target Support Files/Pods-Delete-post-use-Delete-post-useUITests/Pods-Delete-post-use-Delete-post-useUITests.debug.xcconfig"; sourceTree = "<group>"; };
		AE6513DBBCE36CB6270B711D /* Pods_Delete_post_use.framework */ = {isa = PBXFileReference; explicitFileType = wrapper.framework; includeInIndex = 0; path = Pods_Delete_post_use.framework; sourceTree = BUILT_PRODUCTS_DIR; };
		C3DFB39F7828A97DDBCD7892 /* Pods-Delete-post-use.release.xcconfig */ = {isa = PBXFileReference; includeInIndex = 1; lastKnownFileType = text.xcconfig; name = "Pods-Delete-post-use.release.xcconfig"; path = "Target Support Files/Pods-Delete-post-use/Pods-Delete-post-use.release.xcconfig"; sourceTree = "<group>"; };
		C7767B86688A12B9BC3F47ED /* Pods-Delete-post-use.debug.xcconfig */ = {isa = PBXFileReference; includeInIndex = 1; lastKnownFileType = text.xcconfig; name = "Pods-Delete-post-use.debug.xcconfig"; path = "Target Support Files/Pods-Delete-post-use/Pods-Delete-post-use.debug.xcconfig"; sourceTree = "<group>"; };
		F06B4810AF3CD8C5B1F813CD /* Pods_Delete_post_use_Delete_post_useUITests.framework */ = {isa = PBXFileReference; explicitFileType = wrapper.framework; includeInIndex = 0; path = Pods_Delete_post_use_Delete_post_useUITests.framework; sourceTree = BUILT_PRODUCTS_DIR; };
/* End PBXFileReference section */

/* Begin PBXFileSystemSynchronizedBuildFileExceptionSet section */
		1F39DA842DEAEC63003309BF /* Exceptions for "Delete-post-use" folder in "Delete-post-use" target */ = {
			isa = PBXFileSystemSynchronizedBuildFileExceptionSet;
			membershipExceptions = (
				Info.plist,
			);
			target = 1F39DA582DEAEC61003309BF /* Delete-post-use */;
		};
/* End PBXFileSystemSynchronizedBuildFileExceptionSet section */

/* Begin PBXFileSystemSynchronizedRootGroup section */
		1F39DA5B2DEAEC61003309BF /* Delete-post-use */ = {
			isa = PBXFileSystemSynchronizedRootGroup;
			exceptions = (
				1F39DA842DEAEC63003309BF /* Exceptions for "Delete-post-use" folder in "Delete-post-use" target */,
			);
			path = "Delete-post-use";
			sourceTree = "<group>";
		};
		1F39DA752DEAEC63003309BF /* Delete-post-useTests */ = {
			isa = PBXFileSystemSynchronizedRootGroup;
			path = "Delete-post-useTests";
			sourceTree = "<group>";
		};
		1F39DA7F2DEAEC63003309BF /* Delete-post-useUITests */ = {
			isa = PBXFileSystemSynchronizedRootGroup;
			path = "Delete-post-useUITests";
			sourceTree = "<group>";
		};
/* End PBXFileSystemSynchronizedRootGroup section */

/* Begin PBXFrameworksBuildPhase section */
		1F39DA562DEAEC61003309BF /* Frameworks */ = {
			isa = PBXFrameworksBuildPhase;
			buildActionMask = 2147483647;
			files = (
				0DAD173C63CF3E3412D80401 /* Pods_Delete_post_use.framework in Frameworks */,
			);
			runOnlyForDeploymentPostprocessing = 0;
		};
		1F39DA6F2DEAEC63003309BF /* Frameworks */ = {
			isa = PBXFrameworksBuildPhase;
			buildActionMask = 2147483647;
			files = (
				7435384F2B92B2AE83813ED1 /* Pods_Delete_post_useTests.framework in Frameworks */,
			);
			runOnlyForDeploymentPostprocessing = 0;
		};
		1F39DA792DEAEC63003309BF /* Frameworks */ = {
			isa = PBXFrameworksBuildPhase;
			buildActionMask = 2147483647;
			files = (
				467991E9E92AE2D7ED2A1DE0 /* Pods_Delete_post_use_Delete_post_useUITests.framework in Frameworks */,
			);
			runOnlyForDeploymentPostprocessing = 0;
		};
/* End PBXFrameworksBuildPhase section */

/* Begin PBXGroup section */
		0103E15E702AB26ACE64A23C /* Pods */ = {
			isa = PBXGroup;
			children = (
				C7767B86688A12B9BC3F47ED /* Pods-Delete-post-use.debug.xcconfig */,
				C3DFB39F7828A97DDBCD7892 /* Pods-Delete-post-use.release.xcconfig */,
				77EC37C9CE194598894E7EDD /* Pods-Delete-post-use-Delete-post-useUITests.debug.xcconfig */,
				62C9BCAFB2E22B5D40BE1BEE /* Pods-Delete-post-use-Delete-post-useUITests.release.xcconfig */,
				179A9D59419AB24731E92F40 /* Pods-Delete-post-useTests.debug.xcconfig */,
				0136CB7AFEE880CFBB1C1401 /* Pods-Delete-post-useTests.release.xcconfig */,
			);
			path = Pods;
			sourceTree = "<group>";
		};
		1F39DA502DEAEC61003309BF = {
			isa = PBXGroup;
			children = (
				1F39DA5B2DEAEC61003309BF /* Delete-post-use */,
				1F39DA752DEAEC63003309BF /* Delete-post-useTests */,
				1F39DA7F2DEAEC63003309BF /* Delete-post-useUITests */,
				1F39DA5A2DEAEC61003309BF /* Products */,
				0103E15E702AB26ACE64A23C /* Pods */,
				A5EA80DBDC196138BF55F5CC /* Frameworks */,
			);
			sourceTree = "<group>";
		};
		1F39DA5A2DEAEC61003309BF /* Products */ = {
			isa = PBXGroup;
			children = (
				1F39DA592DEAEC61003309BF /* Delete-post-use.app */,
				1F39DA722DEAEC63003309BF /* Delete-post-useTests.xctest */,
				1F39DA7C2DEAEC63003309BF /* Delete-post-useUITests.xctest */,
			);
			name = Products;
			sourceTree = "<group>";
		};
		A5EA80DBDC196138BF55F5CC /* Frameworks */ = {
			isa = PBXGroup;
			children = (
				AE6513DBBCE36CB6270B711D /* Pods_Delete_post_use.framework */,
				F06B4810AF3CD8C5B1F813CD /* Pods_Delete_post_use_Delete_post_useUITests.framework */,
				5FDFE1B6373934DEDB632A86 /* Pods_Delete_post_useTests.framework */,
			);
			name = Frameworks;
			sourceTree = "<group>";
		};
/* End PBXGroup section */

/* Begin PBXNativeTarget section */
		1F39DA582DEAEC61003309BF /* Delete-post-use */ = {
			isa = PBXNativeTarget;
			buildConfigurationList = 1F39DA852DEAEC63003309BF /* Build configuration list for PBXNativeTarget "Delete-post-use" */;
			buildPhases = (
				3ED6C49EF7CD1EAE7028CF0B /* [CP] Check Pods Manifest.lock */,
				1F39DA552DEAEC61003309BF /* Sources */,
				1F39DA562DEAEC61003309BF /* Frameworks */,
				1F39DA572DEAEC61003309BF /* Resources */,
				B325FF53DDB4DDD0199E05B2 /* [CP] Embed Pods Frameworks */,
			);
			buildRules = (
			);
			dependencies = (
			);
			fileSystemSynchronizedGroups = (
				1F39DA5B2DEAEC61003309BF /* Delete-post-use */,
			);
			name = "Delete-post-use";
			productName = "Delete-post-use";
			productReference = 1F39DA592DEAEC61003309BF /* Delete-post-use.app */;
			productType = "com.apple.product-type.application";
		};
		1F39DA712DEAEC63003309BF /* Delete-post-useTests */ = {
			isa = PBXNativeTarget;
			buildConfigurationList = 1F39DA8A2DEAEC63003309BF /* Build configuration list for PBXNativeTarget "Delete-post-useTests" */;
			buildPhases = (
				5F1B8E8E20046E1FEF1B265D /* [CP] Check Pods Manifest.lock */,
				1F39DA6E2DEAEC63003309BF /* Sources */,
				1F39DA6F2DEAEC63003309BF /* Frameworks */,
				1F39DA702DEAEC63003309BF /* Resources */,
			);
			buildRules = (
			);
			dependencies = (
				1F39DA742DEAEC63003309BF /* PBXTargetDependency */,
			);
			fileSystemSynchronizedGroups = (
				1F39DA752DEAEC63003309BF /* Delete-post-useTests */,
			);
			name = "Delete-post-useTests";
			productName = "Delete-post-useTests";
			productReference = 1F39DA722DEAEC63003309BF /* Delete-post-useTests.xctest */;
			productType = "com.apple.product-type.bundle.unit-test";
		};
		1F39DA7B2DEAEC63003309BF /* Delete-post-useUITests */ = {
			isa = PBXNativeTarget;
			buildConfigurationList = 1F39DA8D2DEAEC63003309BF /* Build configuration list for PBXNativeTarget "Delete-post-useUITests" */;
			buildPhases = (
				F318A5173F4A544C2B56D218 /* [CP] Check Pods Manifest.lock */,
				1F39DA782DEAEC63003309BF /* Sources */,
				1F39DA792DEAEC63003309BF /* Frameworks */,
				1F39DA7A2DEAEC63003309BF /* Resources */,
				F69F74773D84D7CA34870222 /* [CP] Embed Pods Frameworks */,
			);
			buildRules = (
			);
			dependencies = (
				1F39DA7E2DEAEC63003309BF /* PBXTargetDependency */,
			);
			fileSystemSynchronizedGroups = (
				1F39DA7F2DEAEC63003309BF /* Delete-post-useUITests */,
			);
			name = "Delete-post-useUITests";
			productName = "Delete-post-useUITests";
			productReference = 1F39DA7C2DEAEC63003309BF /* Delete-post-useUITests.xctest */;
			productType = "com.apple.product-type.bundle.ui-testing";
		};
/* End PBXNativeTarget section */

/* Begin PBXProject section */
		1F39DA512DEAEC61003309BF /* Project object */ = {
			isa = PBXProject;
			attributes = {
				BuildIndependentTargetsInParallel = 1;
				LastSwiftUpdateCheck = 1630;
				LastUpgradeCheck = 1630;
				TargetAttributes = {
					1F39DA582DEAEC61003309BF = {
						CreatedOnToolsVersion = 16.3;
					};
					1F39DA712DEAEC63003309BF = {
						CreatedOnToolsVersion = 16.3;
						TestTargetID = 1F39DA582DEAEC61003309BF;
					};
					1F39DA7B2DEAEC63003309BF = {
						CreatedOnToolsVersion = 16.3;
						TestTargetID = 1F39DA582DEAEC61003309BF;
					};
				};
			};
			buildConfigurationList = 1F39DA542DEAEC61003309BF /* Build configuration list for PBXProject "Delete-post-use" */;
			developmentRegion = en;
			hasScannedForEncodings = 0;
			knownRegions = (
				en,
				Base,
			);
			mainGroup = 1F39DA502DEAEC61003309BF;
			minimizedProjectReferenceProxies = 1;
			preferredProjectObjectVersion = 77;
			productRefGroup = 1F39DA5A2DEAEC61003309BF /* Products */;
			projectDirPath = "";
			projectRoot = "";
			targets = (
				1F39DA582DEAEC61003309BF /* Delete-post-use */,
				1F39DA712DEAEC63003309BF /* Delete-post-useTests */,
				1F39DA7B2DEAEC63003309BF /* Delete-post-useUITests */,
			);
		};
/* End PBXProject section */

/* Begin PBXResourcesBuildPhase section */
		1F39DA572DEAEC61003309BF /* Resources */ = {
			isa = PBXResourcesBuildPhase;
			buildActionMask = 2147483647;
			files = (
			);
			runOnlyForDeploymentPostprocessing = 0;
		};
		1F39DA702DEAEC63003309BF /* Resources */ = {
			isa = PBXResourcesBuildPhase;
			buildActionMask = 2147483647;
			files = (
			);
			runOnlyForDeploymentPostprocessing = 0;
		};
		1F39DA7A2DEAEC63003309BF /* Resources */ = {
			isa = PBXResourcesBuildPhase;
			buildActionMask = 2147483647;
			files = (
			);
			runOnlyForDeploymentPostprocessing = 0;
		};
/* End PBXResourcesBuildPhase section */

/* Begin PBXShellScriptBuildPhase section */
		3ED6C49EF7CD1EAE7028CF0B /* [CP] Check Pods Manifest.lock */ = {
			isa = PBXShellScriptBuildPhase;
			buildActionMask = 2147483647;
			files = (
			);
			inputFileListPaths = (
			);
			inputPaths = (
				"${PODS_PODFILE_DIR_PATH}/Podfile.lock",
				"${PODS_ROOT}/Manifest.lock",
			);
			name = "[CP] Check Pods Manifest.lock";
			outputFileListPaths = (
			);
			outputPaths = (
				"$(DERIVED_FILE_DIR)/Pods-Delete-post-use-checkManifestLockResult.txt",
			);
			runOnlyForDeploymentPostprocessing = 0;
			shellPath = /bin/sh;
			shellScript = "diff \"${PODS_PODFILE_DIR_PATH}/Podfile.lock\" \"${PODS_ROOT}/Manifest.lock\" > /dev/null\nif [ $? != 0 ] ; then\n    # print error to STDERR\n    echo \"error: The sandbox is not in sync with the Podfile.lock. Run 'pod install' or update your CocoaPods installation.\" >&2\n    exit 1\nfi\n# This output is used by Xcode 'outputs' to avoid re-running this script phase.\necho \"SUCCESS\" > \"${SCRIPT_OUTPUT_FILE_0}\"\n";
			showEnvVarsInLog = 0;
		};
		5F1B8E8E20046E1FEF1B265D /* [CP] Check Pods Manifest.lock */ = {
			isa = PBXShellScriptBuildPhase;
			buildActionMask = 2147483647;
			files = (
			);
			inputFileListPaths = (
			);
			inputPaths = (
				"${PODS_PODFILE_DIR_PATH}/Podfile.lock",
				"${PODS_ROOT}/Manifest.lock",
			);
			name = "[CP] Check Pods Manifest.lock";
			outputFileListPaths = (
			);
			outputPaths = (
				"$(DERIVED_FILE_DIR)/Pods-Delete-post-useTests-checkManifestLockResult.txt",
			);
			runOnlyForDeploymentPostprocessing = 0;
			shellPath = /bin/sh;
			shellScript = "diff \"${PODS_PODFILE_DIR_PATH}/Podfile.lock\" \"${PODS_ROOT}/Manifest.lock\" > /dev/null\nif [ $? != 0 ] ; then\n    # print error to STDERR\n    echo \"error: The sandbox is not in sync with the Podfile.lock. Run 'pod install' or update your CocoaPods installation.\" >&2\n    exit 1\nfi\n# This output is used by Xcode 'outputs' to avoid re-running this script phase.\necho \"SUCCESS\" > \"${SCRIPT_OUTPUT_FILE_0}\"\n";
			showEnvVarsInLog = 0;
		};
		B325FF53DDB4DDD0199E05B2 /* [CP] Embed Pods Frameworks */ = {
			isa = PBXShellScriptBuildPhase;
			buildActionMask = 2147483647;
			files = (
			);
			inputFileListPaths = (
				"${PODS_ROOT}/Target Support Files/Pods-Delete-post-use/Pods-Delete-post-use-frameworks-${CONFIGURATION}-input-files.xcfilelist",
			);
			inputPaths = (
			);
			name = "[CP] Embed Pods Frameworks";
			outputFileListPaths = (
				"${PODS_ROOT}/Target Support Files/Pods-Delete-post-use/Pods-Delete-post-use-frameworks-${CONFIGURATION}-output-files.xcfilelist",
			);
			outputPaths = (
			);
			runOnlyForDeploymentPostprocessing = 0;
			shellPath = /bin/sh;
			shellScript = "\"${PODS_ROOT}/Target Support Files/Pods-Delete-post-use/Pods-Delete-post-use-frameworks.sh\"\n";
			showEnvVarsInLog = 0;
		};
		F318A5173F4A544C2B56D218 /* [CP] Check Pods Manifest.lock */ = {
			isa = PBXShellScriptBuildPhase;
			buildActionMask = 2147483647;
			files = (
			);
			inputFileListPaths = (
			);
			inputPaths = (
				"${PODS_PODFILE_DIR_PATH}/Podfile.lock",
				"${PODS_ROOT}/Manifest.lock",
			);
			name = "[CP] Check Pods Manifest.lock";
			outputFileListPaths = (
			);
			outputPaths = (
				"$(DERIVED_FILE_DIR)/Pods-Delete-post-use-Delete-post-useUITests-checkManifestLockResult.txt",
			);
			runOnlyForDeploymentPostprocessing = 0;
			shellPath = /bin/sh;
			shellScript = "diff \"${PODS_PODFILE_DIR_PATH}/Podfile.lock\" \"${PODS_ROOT}/Manifest.lock\" > /dev/null\nif [ $? != 0 ] ; then\n    # print error to STDERR\n    echo \"error: The sandbox is not in sync with the Podfile.lock. Run 'pod install' or update your CocoaPods installation.\" >&2\n    exit 1\nfi\n# This output is used by Xcode 'outputs' to avoid re-running this script phase.\necho \"SUCCESS\" > \"${SCRIPT_OUTPUT_FILE_0}\"\n";
			showEnvVarsInLog = 0;
		};
		F69F74773D84D7CA34870222 /* [CP] Embed Pods Frameworks */ = {
			isa = PBXShellScriptBuildPhase;
			buildActionMask = 2147483647;
			files = (
			);
			inputFileListPaths = (
				"${PODS_ROOT}/Target Support Files/Pods-Delete-post-use-Delete-post-useUITests/Pods-Delete-post-use-Delete-post-useUITests-frameworks-${CONFIGURATION}-input-files.xcfilelist",
			);
			inputPaths = (
			);
			name = "[CP] Embed Pods Frameworks";
			outputFileListPaths = (
				"${PODS_ROOT}/Target Support Files/Pods-Delete-post-use-Delete-post-useUITests/Pods-Delete-post-use-Delete-post-useUITests-frameworks-${CONFIGURATION}-output-files.xcfilelist",
			);
			outputPaths = (
			);
			runOnlyForDeploymentPostprocessing = 0;
			shellPath = /bin/sh;
			shellScript = "\"${PODS_ROOT}/Target Support Files/Pods-Delete-post-use-Delete-post-useUITests/Pods-Delete-post-use-Delete-post-useUITests-frameworks.sh\"\n";
			showEnvVarsInLog = 0;
		};
/* End PBXShellScriptBuildPhase section */

/* Begin PBXSourcesBuildPhase section */
		1F39DA552DEAEC61003309BF /* Sources */ = {
			isa = PBXSourcesBuildPhase;
			buildActionMask = 2147483647;
			files = (
			);
			runOnlyForDeploymentPostprocessing = 0;
		};
		1F39DA6E2DEAEC63003309BF /* Sources */ = {
			isa = PBXSourcesBuildPhase;
			buildActionMask = 2147483647;
			files = (
			);
			runOnlyForDeploymentPostprocessing = 0;
		};
		1F39DA782DEAEC63003309BF /* Sources */ = {
			isa = PBXSourcesBuildPhase;
			buildActionMask = 2147483647;
			files = (
			);
			runOnlyForDeploymentPostprocessing = 0;
		};
/* End PBXSourcesBuildPhase section */

/* Begin PBXTargetDependency section */
		1F39DA742DEAEC63003309BF /* PBXTargetDependency */ = {
			isa = PBXTargetDependency;
			target = 1F39DA582DEAEC61003309BF /* Delete-post-use */;
			targetProxy = 1F39DA732DEAEC63003309BF /* PBXContainerItemProxy */;
		};
		1F39DA7E2DEAEC63003309BF /* PBXTargetDependency */ = {
			isa = PBXTargetDependency;
			target = 1F39DA582DEAEC61003309BF /* Delete-post-use */;
			targetProxy = 1F39DA7D2DEAEC63003309BF /* PBXContainerItemProxy */;
		};
/* End PBXTargetDependency section */

/* Begin XCBuildConfiguration section */
		1F39DA862DEAEC63003309BF /* Debug */ = {
			isa = XCBuildConfiguration;
			baseConfigurationReference = C7767B86688A12B9BC3F47ED /* Pods-Delete-post-use.debug.xcconfig */;
			buildSettings = {
				ASSETCATALOG_COMPILER_APPICON_NAME = AppIcon;
				ASSETCATALOG_COMPILER_GLOBAL_ACCENT_COLOR_NAME = AccentColor;
				CODE_SIGN_STYLE = Automatic;
				CURRENT_PROJECT_VERSION = 1;
				DEVELOPMENT_TEAM = NQW77N3FSN;
				GENERATE_INFOPLIST_FILE = YES;
				INFOPLIST_FILE = "Delete-post-use/Info.plist";
				INFOPLIST_KEY_UIApplicationSupportsIndirectInputEvents = YES;
				INFOPLIST_KEY_UILaunchStoryboardName = LaunchScreen;
				INFOPLIST_KEY_UIMainStoryboardFile = Main;
				INFOPLIST_KEY_UISupportedInterfaceOrientations_iPad = "UIInterfaceOrientationPortrait UIInterfaceOrientationPortraitUpsideDown UIInterfaceOrientationLandscapeLeft UIInterfaceOrientationLandscapeRight";
				INFOPLIST_KEY_UISupportedInterfaceOrientations_iPhone = "UIInterfaceOrientationPortrait UIInterfaceOrientationLandscapeLeft UIInterfaceOrientationLandscapeRight";
				LD_RUNPATH_SEARCH_PATHS = (
					"$(inherited)",
					"@executable_path/Frameworks",
				);
				MARKETING_VERSION = 1.0;
				PRODUCT_BUNDLE_IDENTIFIER = "com.siyaram.Delete-post-use";
				PRODUCT_NAME = "$(TARGET_NAME)";
				SWIFT_EMIT_LOC_STRINGS = YES;
				SWIFT_VERSION = 5.0;
				TARGETED_DEVICE_FAMILY = "1,2";
			};
			name = Debug;
		};
		1F39DA872DEAEC63003309BF /* Release */ = {
			isa = XCBuildConfiguration;
			baseConfigurationReference = C3DFB39F7828A97DDBCD7892 /* Pods-Delete-post-use.release.xcconfig */;
			buildSettings = {
				ASSETCATALOG_COMPILER_APPICON_NAME = AppIcon;
				ASSETCATALOG_COMPILER_GLOBAL_ACCENT_COLOR_NAME = AccentColor;
				CODE_SIGN_STYLE = Automatic;
				CURRENT_PROJECT_VERSION = 1;
				DEVELOPMENT_TEAM = NQW77N3FSN;
				GENERATE_INFOPLIST_FILE = YES;
				INFOPLIST_FILE = "Delete-post-use/Info.plist";
				INFOPLIST_KEY_UIApplicationSupportsIndirectInputEvents = YES;
				INFOPLIST_KEY_UILaunchStoryboardName = LaunchScreen;
				INFOPLIST_KEY_UIMainStoryboardFile = Main;
				INFOPLIST_KEY_UISupportedInterfaceOrientations_iPad = "UIInterfaceOrientationPortrait UIInterfaceOrientationPortraitUpsideDown UIInterfaceOrientationLandscapeLeft UIInterfaceOrientationLandscapeRight";
				INFOPLIST_KEY_UISupportedInterfaceOrientations_iPhone = "UIInterfaceOrientationPortrait UIInterfaceOrientationLandscapeLeft UIInterfaceOrientationLandscapeRight";
				LD_RUNPATH_SEARCH_PATHS = (
					"$(inherited)",
					"@executable_path/Frameworks",
				);
				MARKETING_VERSION = 1.0;
				PRODUCT_BUNDLE_IDENTIFIER = "com.siyaram.Delete-post-use";
				PRODUCT_NAME = "$(TARGET_NAME)";
				SWIFT_EMIT_LOC_STRINGS = YES;
				SWIFT_VERSION = 5.0;
				TARGETED_DEVICE_FAMILY = "1,2";
			};
			name = Release;
		};
		1F39DA882DEAEC63003309BF /* Debug */ = {
			isa = XCBuildConfiguration;
			buildSettings = {
				ALWAYS_SEARCH_USER_PATHS = NO;
				ASSETCATALOG_COMPILER_GENERATE_SWIFT_ASSET_SYMBOL_EXTENSIONS = YES;
				CLANG_ANALYZER_NONNULL = YES;
				CLANG_ANALYZER_NUMBER_OBJECT_CONVERSION = YES_AGGRESSIVE;
				CLANG_CXX_LANGUAGE_STANDARD = "gnu++20";
				CLANG_ENABLE_MODULES = YES;
				CLANG_ENABLE_OBJC_ARC = YES;
				CLANG_ENABLE_OBJC_WEAK = YES;
				CLANG_WARN_BLOCK_CAPTURE_AUTORELEASING = YES;
				CLANG_WARN_BOOL_CONVERSION = YES;
				CLANG_WARN_COMMA = YES;
				CLANG_WARN_CONSTANT_CONVERSION = YES;
				CLANG_WARN_DEPRECATED_OBJC_IMPLEMENTATIONS = YES;
				CLANG_WARN_DIRECT_OBJC_ISA_USAGE = YES_ERROR;
				CLANG_WARN_DOCUMENTATION_COMMENTS = YES;
				CLANG_WARN_EMPTY_BODY = YES;
				CLANG_WARN_ENUM_CONVERSION = YES;
				CLANG_WARN_INFINITE_RECURSION = YES;
				CLANG_WARN_INT_CONVERSION = YES;
				CLANG_WARN_NON_LITERAL_NULL_CONVERSION = YES;
				CLANG_WARN_OBJC_IMPLICIT_RETAIN_SELF = YES;
				CLANG_WARN_OBJC_LITERAL_CONVERSION = YES;
				CLANG_WARN_OBJC_ROOT_CLASS = YES_ERROR;
				CLANG_WARN_QUOTED_INCLUDE_IN_FRAMEWORK_HEADER = YES;
				CLANG_WARN_RANGE_LOOP_ANALYSIS = YES;
				CLANG_WARN_STRICT_PROTOTYPES = YES;
				CLANG_WARN_SUSPICIOUS_MOVE = YES;
				CLANG_WARN_UNGUARDED_AVAILABILITY = YES_AGGRESSIVE;
				CLANG_WARN_UNREACHABLE_CODE = YES;
				CLANG_WARN__DUPLICATE_METHOD_MATCH = YES;
				COPY_PHASE_STRIP = NO;
				DEBUG_INFORMATION_FORMAT = dwarf;
				DEVELOPMENT_TEAM = NQW77N3FSN;
				ENABLE_STRICT_OBJC_MSGSEND = YES;
				ENABLE_TESTABILITY = YES;
				ENABLE_USER_SCRIPT_SANDBOXING = NO;
				GCC_C_LANGUAGE_STANDARD = gnu17;
				GCC_DYNAMIC_NO_PIC = NO;
				GCC_NO_COMMON_BLOCKS = YES;
				GCC_OPTIMIZATION_LEVEL = 0;
				GCC_PREPROCESSOR_DEFINITIONS = (
					"DEBUG=1",
					"$(inherited)",
				);
				GCC_WARN_64_TO_32_BIT_CONVERSION = YES;
				GCC_WARN_ABOUT_RETURN_TYPE = YES_ERROR;
				GCC_WARN_UNDECLARED_SELECTOR = YES;
				GCC_WARN_UNINITIALIZED_AUTOS = YES_AGGRESSIVE;
				GCC_WARN_UNUSED_FUNCTION = YES;
				GCC_WARN_UNUSED_VARIABLE = YES;
				IPHONEOS_DEPLOYMENT_TARGET = 18.4;
				LOCALIZATION_PREFERS_STRING_CATALOGS = YES;
				MTL_ENABLE_DEBUG_INFO = INCLUDE_SOURCE;
				MTL_FAST_MATH = YES;
				ONLY_ACTIVE_ARCH = YES;
				SDKROOT = iphoneos;
				SWIFT_ACTIVE_COMPILATION_CONDITIONS = "DEBUG $(inherited)";
				SWIFT_OPTIMIZATION_LEVEL = "-Onone";
			};
			name = Debug;
		};
		1F39DA892DEAEC63003309BF /* Release */ = {
			isa = XCBuildConfiguration;
			buildSettings = {
				ALWAYS_SEARCH_USER_PATHS = NO;
				ASSETCATALOG_COMPILER_GENERATE_SWIFT_ASSET_SYMBOL_EXTENSIONS = YES;
				CLANG_ANALYZER_NONNULL = YES;
				CLANG_ANALYZER_NUMBER_OBJECT_CONVERSION = YES_AGGRESSIVE;
				CLANG_CXX_LANGUAGE_STANDARD = "gnu++20";
				CLANG_ENABLE_MODULES = YES;
				CLANG_ENABLE_OBJC_ARC = YES;
				CLANG_ENABLE_OBJC_WEAK = YES;
				CLANG_WARN_BLOCK_CAPTURE_AUTORELEASING = YES;
				CLANG_WARN_BOOL_CONVERSION = YES;
				CLANG_WARN_COMMA = YES;
				CLANG_WARN_CONSTANT_CONVERSION = YES;
				CLANG_WARN_DEPRECATED_OBJC_IMPLEMENTATIONS = YES;
				CLANG_WARN_DIRECT_OBJC_ISA_USAGE = YES_ERROR;
				CLANG_WARN_DOCUMENTATION_COMMENTS = YES;
				CLANG_WARN_EMPTY_BODY = YES;
				CLANG_WARN_ENUM_CONVERSION = YES;
				CLANG_WARN_INFINITE_RECURSION = YES;
				CLANG_WARN_INT_CONVERSION = YES;
				CLANG_WARN_NON_LITERAL_NULL_CONVERSION = YES;
				CLANG_WARN_OBJC_IMPLICIT_RETAIN_SELF = YES;
				CLANG_WARN_OBJC_LITERAL_CONVERSION = YES;
				CLANG_WARN_OBJC_ROOT_CLASS = YES_ERROR;
				CLANG_WARN_QUOTED_INCLUDE_IN_FRAMEWORK_HEADER = YES;
				CLANG_WARN_RANGE_LOOP_ANALYSIS = YES;
				CLANG_WARN_STRICT_PROTOTYPES = YES;
				CLANG_WARN_SUSPICIOUS_MOVE = YES;
				CLANG_WARN_UNGUARDED_AVAILABILITY = YES_AGGRESSIVE;
				CLANG_WARN_UNREACHABLE_CODE = YES;
				CLANG_WARN__DUPLICATE_METHOD_MATCH = YES;
				COPY_PHASE_STRIP = NO;
				DEBUG_INFORMATION_FORMAT = "dwarf-with-dsym";
				DEVELOPMENT_TEAM = NQW77N3FSN;
				ENABLE_NS_ASSERTIONS = NO;
				ENABLE_STRICT_OBJC_MSGSEND = YES;
				ENABLE_USER_SCRIPT_SANDBOXING = NO;
				GCC_C_LANGUAGE_STANDARD = gnu17;
				GCC_NO_COMMON_BLOCKS = YES;
				GCC_WARN_64_TO_32_BIT_CONVERSION = YES;
				GCC_WARN_ABOUT_RETURN_TYPE = YES_ERROR;
				GCC_WARN_UNDECLARED_SELECTOR = YES;
				GCC_WARN_UNINITIALIZED_AUTOS = YES_AGGRESSIVE;
				GCC_WARN_UNUSED_FUNCTION = YES;
				GCC_WARN_UNUSED_VARIABLE = YES;
				IPHONEOS_DEPLOYMENT_TARGET = 18.4;
				LOCALIZATION_PREFERS_STRING_CATALOGS = YES;
				MTL_ENABLE_DEBUG_INFO = NO;
				MTL_FAST_MATH = YES;
				SDKROOT = iphoneos;
				SWIFT_COMPILATION_MODE = wholemodule;
				VALIDATE_PRODUCT = YES;
			};
			name = Release;
		};
		1F39DA8B2DEAEC63003309BF /* Debug */ = {
			isa = XCBuildConfiguration;
			baseConfigurationReference = 179A9D59419AB24731E92F40 /* Pods-Delete-post-useTests.debug.xcconfig */;
			buildSettings = {
				BUNDLE_LOADER = "$(TEST_HOST)";
				CODE_SIGN_STYLE = Automatic;
				CURRENT_PROJECT_VERSION = 1;
				DEVELOPMENT_TEAM = NQW77N3FSN;
				GENERATE_INFOPLIST_FILE = YES;
				IPHONEOS_DEPLOYMENT_TARGET = 18.4;
				MARKETING_VERSION = 1.0;
				PRODUCT_BUNDLE_IDENTIFIER = "com.siyaram.Delete-post-useTests";
				PRODUCT_NAME = "$(TARGET_NAME)";
				SWIFT_EMIT_LOC_STRINGS = NO;
				SWIFT_VERSION = 5.0;
				TARGETED_DEVICE_FAMILY = "1,2";
				TEST_HOST = "$(BUILT_PRODUCTS_DIR)/Delete-post-use.app/$(BUNDLE_EXECUTABLE_FOLDER_PATH)/Delete-post-use";
			};
			name = Debug;
		};
		1F39DA8C2DEAEC63003309BF /* Release */ = {
			isa = XCBuildConfiguration;
			baseConfigurationReference = 0136CB7AFEE880CFBB1C1401 /* Pods-Delete-post-useTests.release.xcconfig */;
			buildSettings = {
				BUNDLE_LOADER = "$(TEST_HOST)";
				CODE_SIGN_STYLE = Automatic;
				CURRENT_PROJECT_VERSION = 1;
				DEVELOPMENT_TEAM = NQW77N3FSN;
				GENERATE_INFOPLIST_FILE = YES;
				IPHONEOS_DEPLOYMENT_TARGET = 18.4;
				MARKETING_VERSION = 1.0;
				PRODUCT_BUNDLE_IDENTIFIER = "com.siyaram.Delete-post-useTests";
				PRODUCT_NAME = "$(TARGET_NAME)";
				SWIFT_EMIT_LOC_STRINGS = NO;
				SWIFT_VERSION = 5.0;
				TARGETED_DEVICE_FAMILY = "1,2";
				TEST_HOST = "$(BUILT_PRODUCTS_DIR)/Delete-post-use.app/$(BUNDLE_EXECUTABLE_FOLDER_PATH)/Delete-post-use";
			};
			name = Release;
		};
		1F39DA8E2DEAEC63003309BF /* Debug */ = {
			isa = XCBuildConfiguration;
			baseConfigurationReference = 77EC37C9CE194598894E7EDD /* Pods-Delete-post-use-Delete-post-useUITests.debug.xcconfig */;
			buildSettings = {
				CODE_SIGN_STYLE = Automatic;
				CURRENT_PROJECT_VERSION = 1;
				DEVELOPMENT_TEAM = NQW77N3FSN;
				GENERATE_INFOPLIST_FILE = YES;
				MARKETING_VERSION = 1.0;
				PRODUCT_BUNDLE_IDENTIFIER = "com.siyaram.Delete-post-useUITests";
				PRODUCT_NAME = "$(TARGET_NAME)";
				SWIFT_EMIT_LOC_STRINGS = NO;
				SWIFT_VERSION = 5.0;
				TARGETED_DEVICE_FAMILY = "1,2";
				TEST_TARGET_NAME = "Delete-post-use";
			};
			name = Debug;
		};
		1F39DA8F2DEAEC63003309BF /* Release */ = {
			isa = XCBuildConfiguration;
			baseConfigurationReference = 62C9BCAFB2E22B5D40BE1BEE /* Pods-Delete-post-use-Delete-post-useUITests.release.xcconfig */;
			buildSettings = {
				CODE_SIGN_STYLE = Automatic;
				CURRENT_PROJECT_VERSION = 1;
				DEVELOPMENT_TEAM = NQW77N3FSN;
				GENERATE_INFOPLIST_FILE = YES;
				MARKETING_VERSION = 1.0;
				PRODUCT_BUNDLE_IDENTIFIER = "com.siyaram.Delete-post-useUITests";
				PRODUCT_NAME = "$(TARGET_NAME)";
				SWIFT_EMIT_LOC_STRINGS = NO;
				SWIFT_VERSION = 5.0;
				TARGETED_DEVICE_FAMILY = "1,2";
				TEST_TARGET_NAME = "Delete-post-use";
			};
			name = Release;
		};
/* End XCBuildConfiguration section */

/* Begin XCConfigurationList section */
		1F39DA542DEAEC61003309BF /* Build configuration list for PBXProject "Delete-post-use" */ = {
			isa = XCConfigurationList;
			buildConfigurations = (
				1F39DA882DEAEC63003309BF /* Debug */,
				1F39DA892DEAEC63003309BF /* Release */,
			);
			defaultConfigurationIsVisible = 0;
			defaultConfigurationName = Release;
		};
		1F39DA852DEAEC63003309BF /* Build configuration list for PBXNativeTarget "Delete-post-use" */ = {
			isa = XCConfigurationList;
			buildConfigurations = (
				1F39DA862DEAEC63003309BF /* Debug */,
				1F39DA872DEAEC63003309BF /* Release */,
			);
			defaultConfigurationIsVisible = 0;
			defaultConfigurationName = Release;
		};
		1F39DA8A2DEAEC63003309BF /* Build configuration list for PBXNativeTarget "Delete-post-useTests" */ = {
			isa = XCConfigurationList;
			buildConfigurations = (
				1F39DA8B2DEAEC63003309BF /* Debug */,
				1F39DA8C2DEAEC63003309BF /* Release */,
			);
			defaultConfigurationIsVisible = 0;
			defaultConfigurationName = Release;
		};
		1F39DA8D2DEAEC63003309BF /* Build configuration list for PBXNativeTarget "Delete-post-useUITests" */ = {
			isa = XCConfigurationList;
			buildConfigurations = (
				1F39DA8E2DEAEC63003309BF /* Debug */,
				1F39DA8F2DEAEC63003309BF /* Release */,
			);
			defaultConfigurationIsVisible = 0;
			defaultConfigurationName = Release;
		};
/* End XCConfigurationList section */
	};
	rootObject = 1F39DA512DEAEC61003309BF /* Project object */;
}
